
Microsoft Visual Studio Solution File, Format Version 12.00
# Visual Studio Version 16
VisualStudioVersion = 16.0.28803.156
MinimumVisualStudioVersion = 10.0.40219.1
Project("{9A19103F-16F7-4668-BE54-9A1E7A4F7556}") = "Arcanists", "Arcanists.csproj", "{8F6D4D1C-8D06-495A-A1D2-0CE00D64480A}"
EndProject
Global
	GlobalSection(SolutionConfigurationPlatforms) = preSolution
		Debug|Any CPU = Debug|Any CPU
		Release|Any CPU = Release|Any CPU
	EndGlobalSection
	GlobalSection(ProjectConfigurationPlatforms) = postSolution
		{8F6D4D1C-8D06-495A-A1D2-0CE00D64480A}.Debug|Any CPU.ActiveCfg = Debug|Any CPU
		{8F6D4D1C-8D06-495A-A1D2-0CE00D64480A}.Debug|Any CPU.Build.0 = Debug|Any CPU
		{8F6D4D1C-8D06-495A-A1D2-0CE00D64480A}.Release|Any CPU.ActiveCfg = Release|Any CPU
		{8F6D4D1C-8D06-495A-A1D2-0CE00D64480A}.Release|Any CPU.Build.0 = Release|Any CPU
	EndGlobalSection
	GlobalSection(SolutionProperties) = preSolution
		HideSolutionNode = FALSE
	EndGlobalSection
	GlobalSection(ExtensibilityGlobals) = postSolution
		SolutionGuid = {6770E03A-90E7-4386-8F3C-A4959478184F}
	EndGlobalSection
EndGlobal
